// !$*UTF8*$!
{
	archiveVersion = 1;
	classes = {
	};
	objectVersion = 46;
	objects = {

/* Begin PBXBuildFile section */
		090DA5B91CFBDB810009903A /* UILabel+Extensions.swift in Sources */ = {isa = PBXBuildFile; fileRef = 090DA5B81CFBDB810009903A /* UILabel+Extensions.swift */; };
		090DA5BB1CFBDCC40009903A /* MQStatusCell.swift in Sources */ = {isa = PBXBuildFile; fileRef = 090DA5BA1CFBDCC40009903A /* MQStatusCell.swift */; };
		090DA5BD1CFBDE380009903A /* MQStatusCellWithTopView.swift in Sources */ = {isa = PBXBuildFile; fileRef = 090DA5BC1CFBDE380009903A /* MQStatusCellWithTopView.swift */; };
		090DA5BF1CFBDE510009903A /* MQStatusCellWithBottomView.swift in Sources */ = {isa = PBXBuildFile; fileRef = 090DA5BE1CFBDE510009903A /* MQStatusCellWithBottomView.swift */; };
		090DA5C11CFBE90E0009903A /* MQUserInfo.swift in Sources */ = {isa = PBXBuildFile; fileRef = 090DA5C01CFBE90E0009903A /* MQUserInfo.swift */; };
		090DA5C31CFC18D50009903A /* MQStatusViewModel.swift in Sources */ = {isa = PBXBuildFile; fileRef = 090DA5C21CFC18D50009903A /* MQStatusViewModel.swift */; };
		090DA5C51CFC44900009903A /* UIButton+Extensions.swift in Sources */ = {isa = PBXBuildFile; fileRef = 090DA5C41CFC44900009903A /* UIButton+Extensions.swift */; };
		0936B5391CFD33F400AE202E /* MQStatusPictureView.swift in Sources */ = {isa = PBXBuildFile; fileRef = 0936B5381CFD33F400AE202E /* MQStatusPictureView.swift */; };
		0936B53B1CFE91A800AE202E /* MQStatusForwardCell.swift in Sources */ = {isa = PBXBuildFile; fileRef = 0936B53A1CFE91A800AE202E /* MQStatusForwardCell.swift */; };
		0936B53D1CFEC61B00AE202E /* MQStatusNomalCell.swift in Sources */ = {isa = PBXBuildFile; fileRef = 0936B53C1CFEC61B00AE202E /* MQStatusNomalCell.swift */; };
		0936B57F1D00131800AE202E /* MQRefreshControl.swift in Sources */ = {isa = PBXBuildFile; fileRef = 0936B57E1D00131800AE202E /* MQRefreshControl.swift */; };
		0936B5811D0014C200AE202E /* MQRefreshView.xib in Resources */ = {isa = PBXBuildFile; fileRef = 0936B5801D0014C200AE202E /* MQRefreshView.xib */; };
		0938DA6E1CF58A7700E3A8CD /* MQAccountInfo.swift in Sources */ = {isa = PBXBuildFile; fileRef = 0938DA6D1CF58A7700E3A8CD /* MQAccountInfo.swift */; };
		0938DA701CF5C82C00E3A8CD /* MQAccountViewModel.swift in Sources */ = {isa = PBXBuildFile; fileRef = 0938DA6F1CF5C82C00E3A8CD /* MQAccountViewModel.swift */; };
		0938DABD1CF7ECCB00E3A8CD /* MQNewFeatureController.swift in Sources */ = {isa = PBXBuildFile; fileRef = 0938DABC1CF7ECCB00E3A8CD /* MQNewFeatureController.swift */; };
		096E6A071D06AF16006EAD35 /* UIImage+Extensions.swift in Sources */ = {isa = PBXBuildFile; fileRef = 096E6A061D06AF16006EAD35 /* UIImage+Extensions.swift */; };
		09760A6B1CEEBEEF00726AD1 /* MQBaseTableViewController.swift in Sources */ = {isa = PBXBuildFile; fileRef = 09760A6A1CEEBEEF00726AD1 /* MQBaseTableViewController.swift */; };
		09760A6D1CEEBF6400726AD1 /* MQHomeController.swift in Sources */ = {isa = PBXBuildFile; fileRef = 09760A6C1CEEBF6400726AD1 /* MQHomeController.swift */; };
		09760A6F1CEEBF7900726AD1 /* MQMessageController.swift in Sources */ = {isa = PBXBuildFile; fileRef = 09760A6E1CEEBF7900726AD1 /* MQMessageController.swift */; };
		09760A711CEEBF8800726AD1 /* MQDiscoverController.swift in Sources */ = {isa = PBXBuildFile; fileRef = 09760A701CEEBF8800726AD1 /* MQDiscoverController.swift */; };
		09760A731CEEBF9A00726AD1 /* MQProfileController.swift in Sources */ = {isa = PBXBuildFile; fileRef = 09760A721CEEBF9A00726AD1 /* MQProfileController.swift */; };
		09C5DCC91D0163AE0072FA7E /* MQComposeController.swift in Sources */ = {isa = PBXBuildFile; fileRef = 09C5DCC81D0163AE0072FA7E /* MQComposeController.swift */; };
		09C5DCCD1D01A49F0072FA7E /* UIBarButtonItem+Extensions.swift in Sources */ = {isa = PBXBuildFile; fileRef = 09C5DCCC1D01A49F0072FA7E /* UIBarButtonItem+Extensions.swift */; };
		09CB0CCC1D04257400C866A6 /* MQPictureSelectorController.swift in Sources */ = {isa = PBXBuildFile; fileRef = 09CB0CCB1D04257400C866A6 /* MQPictureSelectorController.swift */; };
		09DA0AC91CEC75EE0037C88F /* AppDelegate.swift in Sources */ = {isa = PBXBuildFile; fileRef = 09DA0AC81CEC75EE0037C88F /* AppDelegate.swift */; };
		09DA0AD01CEC75EE0037C88F /* Assets.xcassets in Resources */ = {isa = PBXBuildFile; fileRef = 09DA0ACF1CEC75EE0037C88F /* Assets.xcassets */; };
		09DA0ADE1CEC75EE0037C88F /* MQSwiftSinaManagerTests.swift in Sources */ = {isa = PBXBuildFile; fileRef = 09DA0ADD1CEC75EE0037C88F /* MQSwiftSinaManagerTests.swift */; };
		09DA0AE91CEC75EE0037C88F /* MQSwiftSinaManagerUITests.swift in Sources */ = {isa = PBXBuildFile; fileRef = 09DA0AE81CEC75EE0037C88F /* MQSwiftSinaManagerUITests.swift */; };
		09E1A6E91CEEEE37009DF2B8 /* MQTabBarController.swift in Sources */ = {isa = PBXBuildFile; fileRef = 09E1A6E81CEEEE37009DF2B8 /* MQTabBarController.swift */; };
		09E1A6EB1CEEF60F009DF2B8 /* MQVisitorLoginView.swift in Sources */ = {isa = PBXBuildFile; fileRef = 09E1A6EA1CEEF60F009DF2B8 /* MQVisitorLoginView.swift */; };
		09E1A6ED1CEEF915009DF2B8 /* MQOAuthController.swift in Sources */ = {isa = PBXBuildFile; fileRef = 09E1A6EC1CEEF915009DF2B8 /* MQOAuthController.swift */; };
		09E1A6EF1CEEFA9D009DF2B8 /* MQNetworkingTool.swift in Sources */ = {isa = PBXBuildFile; fileRef = 09E1A6EE1CEEFA9D009DF2B8 /* MQNetworkingTool.swift */; };
		09E1A6F11CEEFC12009DF2B8 /* MQRequestURL.swift in Sources */ = {isa = PBXBuildFile; fileRef = 09E1A6F01CEEFC11009DF2B8 /* MQRequestURL.swift */; };
		09E1A6F31CEF022F009DF2B8 /* MQCommonTools.swift in Sources */ = {isa = PBXBuildFile; fileRef = 09E1A6F21CEF022F009DF2B8 /* MQCommonTools.swift */; };
		09F73AC41CF866DB003F857E /* MQWelomeController.swift in Sources */ = {isa = PBXBuildFile; fileRef = 09F73AC31CF866DB003F857E /* MQWelomeController.swift */; };
		09F73AC61CFAD76F003F857E /* MQStatusInfo.swift in Sources */ = {isa = PBXBuildFile; fileRef = 09F73AC51CFAD76F003F857E /* MQStatusInfo.swift */; };
		09F73AC81CFAD7E0003F857E /* MQStatusListModel.swift in Sources */ = {isa = PBXBuildFile; fileRef = 09F73AC71CFAD7E0003F857E /* MQStatusListModel.swift */; };
		09F73ACA1CFAE995003F857E /* UIView+AutoLayout.swift in Sources */ = {isa = PBXBuildFile; fileRef = 09F73AC91CFAE995003F857E /* UIView+AutoLayout.swift */; };
		49B583DDADAEC540101DBC77 /* Pods_MQSwiftSinaManager.framework in Frameworks */ = {isa = PBXBuildFile; fileRef = 9306FE4402166B92761A26A6 /* Pods_MQSwiftSinaManager.framework */; };
/* End PBXBuildFile section */

/* Begin PBXContainerItemProxy section */
		09DA0ADA1CEC75EE0037C88F /* PBXContainerItemProxy */ = {
			isa = PBXContainerItemProxy;
			containerPortal = 09DA0ABD1CEC75EE0037C88F /* Project object */;
			proxyType = 1;
			remoteGlobalIDString = 09DA0AC41CEC75EE0037C88F;
			remoteInfo = MQSwiftSinaManager;
		};
		09DA0AE51CEC75EE0037C88F /* PBXContainerItemProxy */ = {
			isa = PBXContainerItemProxy;
			containerPortal = 09DA0ABD1CEC75EE0037C88F /* Project object */;
			proxyType = 1;
			remoteGlobalIDString = 09DA0AC41CEC75EE0037C88F;
			remoteInfo = MQSwiftSinaManager;
		};
/* End PBXContainerItemProxy section */

/* Begin PBXFileReference section */
		090DA5B81CFBDB810009903A /* UILabel+Extensions.swift */ = {isa = PBXFileReference; fileEncoding = 4; lastKnownFileType = sourcecode.swift; path = "UILabel+Extensions.swift"; sourceTree = "<group>"; };
		090DA5BA1CFBDCC40009903A /* MQStatusCell.swift */ = {isa = PBXFileReference; fileEncoding = 4; lastKnownFileType = sourcecode.swift; path = MQStatusCell.swift; sourceTree = "<group>"; };
		090DA5BC1CFBDE380009903A /* MQStatusCellWithTopView.swift */ = {isa = PBXFileReference; fileEncoding = 4; lastKnownFileType = sourcecode.swift; path = MQStatusCellWithTopView.swift; sourceTree = "<group>"; };
		090DA5BE1CFBDE510009903A /* MQStatusCellWithBottomView.swift */ = {isa = PBXFileReference; fileEncoding = 4; lastKnownFileType = sourcecode.swift; path = MQStatusCellWithBottomView.swift; sourceTree = "<group>"; };
		090DA5C01CFBE90E0009903A /* MQUserInfo.swift */ = {isa = PBXFileReference; fileEncoding = 4; lastKnownFileType = sourcecode.swift; path = MQUserInfo.swift; sourceTree = "<group>"; };
		090DA5C21CFC18D50009903A /* MQStatusViewModel.swift */ = {isa = PBXFileReference; fileEncoding = 4; lastKnownFileType = sourcecode.swift; path = MQStatusViewModel.swift; sourceTree = "<group>"; };
		090DA5C41CFC44900009903A /* UIButton+Extensions.swift */ = {isa = PBXFileReference; fileEncoding = 4; lastKnownFileType = sourcecode.swift; path = "UIButton+Extensions.swift"; sourceTree = "<group>"; };
		0936B5381CFD33F400AE202E /* MQStatusPictureView.swift */ = {isa = PBXFileReference; fileEncoding = 4; lastKnownFileType = sourcecode.swift; path = MQStatusPictureView.swift; sourceTree = "<group>"; };
		0936B53A1CFE91A800AE202E /* MQStatusForwardCell.swift */ = {isa = PBXFileReference; fileEncoding = 4; lastKnownFileType = sourcecode.swift; path = MQStatusForwardCell.swift; sourceTree = "<group>"; };
		0936B53C1CFEC61B00AE202E /* MQStatusNomalCell.swift */ = {isa = PBXFileReference; fileEncoding = 4; lastKnownFileType = sourcecode.swift; path = MQStatusNomalCell.swift; sourceTree = "<group>"; };
		0936B57E1D00131800AE202E /* MQRefreshControl.swift */ = {isa = PBXFileReference; fileEncoding = 4; lastKnownFileType = sourcecode.swift; path = MQRefreshControl.swift; sourceTree = "<group>"; };
		0936B5801D0014C200AE202E /* MQRefreshView.xib */ = {isa = PBXFileReference; fileEncoding = 4; lastKnownFileType = file.xib; path = MQRefreshView.xib; sourceTree = "<group>"; };
		0938DA6D1CF58A7700E3A8CD /* MQAccountInfo.swift */ = {isa = PBXFileReference; fileEncoding = 4; lastKnownFileType = sourcecode.swift; path = MQAccountInfo.swift; sourceTree = "<group>"; };
		0938DA6F1CF5C82C00E3A8CD /* MQAccountViewModel.swift */ = {isa = PBXFileReference; fileEncoding = 4; lastKnownFileType = sourcecode.swift; path = MQAccountViewModel.swift; sourceTree = "<group>"; };
		0938DABC1CF7ECCB00E3A8CD /* MQNewFeatureController.swift */ = {isa = PBXFileReference; fileEncoding = 4; lastKnownFileType = sourcecode.swift; path = MQNewFeatureController.swift; sourceTree = "<group>"; };
		096E6A061D06AF16006EAD35 /* UIImage+Extensions.swift */ = {isa = PBXFileReference; fileEncoding = 4; lastKnownFileType = sourcecode.swift; path = "UIImage+Extensions.swift"; sourceTree = "<group>"; };
		09760A6A1CEEBEEF00726AD1 /* MQBaseTableViewController.swift */ = {isa = PBXFileReference; fileEncoding = 4; lastKnownFileType = sourcecode.swift; path = MQBaseTableViewController.swift; sourceTree = "<group>"; };
		09760A6C1CEEBF6400726AD1 /* MQHomeController.swift */ = {isa = PBXFileReference; fileEncoding = 4; lastKnownFileType = sourcecode.swift; path = MQHomeController.swift; sourceTree = "<group>"; };
		09760A6E1CEEBF7900726AD1 /* MQMessageController.swift */ = {isa = PBXFileReference; fileEncoding = 4; lastKnownFileType = sourcecode.swift; path = MQMessageController.swift; sourceTree = "<group>"; };
		09760A701CEEBF8800726AD1 /* MQDiscoverController.swift */ = {isa = PBXFileReference; fileEncoding = 4; lastKnownFileType = sourcecode.swift; path = MQDiscoverController.swift; sourceTree = "<group>"; };
		09760A721CEEBF9A00726AD1 /* MQProfileController.swift */ = {isa = PBXFileReference; fileEncoding = 4; lastKnownFileType = sourcecode.swift; path = MQProfileController.swift; sourceTree = "<group>"; };
		09C5DCC81D0163AE0072FA7E /* MQComposeController.swift */ = {isa = PBXFileReference; fileEncoding = 4; lastKnownFileType = sourcecode.swift; path = MQComposeController.swift; sourceTree = "<group>"; };
		09C5DCCC1D01A49F0072FA7E /* UIBarButtonItem+Extensions.swift */ = {isa = PBXFileReference; fileEncoding = 4; lastKnownFileType = sourcecode.swift; path = "UIBarButtonItem+Extensions.swift"; sourceTree = "<group>"; };
		09CB0CCB1D04257400C866A6 /* MQPictureSelectorController.swift */ = {isa = PBXFileReference; fileEncoding = 4; lastKnownFileType = sourcecode.swift; path = MQPictureSelectorController.swift; sourceTree = "<group>"; };
		09DA0AC51CEC75EE0037C88F /* MQSwiftSinaManager.app */ = {isa = PBXFileReference; explicitFileType = wrapper.application; includeInIndex = 0; path = MQSwiftSinaManager.app; sourceTree = BUILT_PRODUCTS_DIR; };
		09DA0AC81CEC75EE0037C88F /* AppDelegate.swift */ = {isa = PBXFileReference; lastKnownFileType = sourcecode.swift; path = AppDelegate.swift; sourceTree = "<group>"; };
		09DA0ACF1CEC75EE0037C88F /* Assets.xcassets */ = {isa = PBXFileReference; lastKnownFileType = folder.assetcatalog; path = Assets.xcassets; sourceTree = "<group>"; };
		09DA0AD41CEC75EE0037C88F /* Info.plist */ = {isa = PBXFileReference; lastKnownFileType = text.plist.xml; path = Info.plist; sourceTree = "<group>"; };
		09DA0AD91CEC75EE0037C88F /* MQSwiftSinaManagerTests.xctest */ = {isa = PBXFileReference; explicitFileType = wrapper.cfbundle; includeInIndex = 0; path = MQSwiftSinaManagerTests.xctest; sourceTree = BUILT_PRODUCTS_DIR; };
		09DA0ADD1CEC75EE0037C88F /* MQSwiftSinaManagerTests.swift */ = {isa = PBXFileReference; lastKnownFileType = sourcecode.swift; path = MQSwiftSinaManagerTests.swift; sourceTree = "<group>"; };
		09DA0ADF1CEC75EE0037C88F /* Info.plist */ = {isa = PBXFileReference; lastKnownFileType = text.plist.xml; path = Info.plist; sourceTree = "<group>"; };
		09DA0AE41CEC75EE0037C88F /* MQSwiftSinaManagerUITests.xctest */ = {isa = PBXFileReference; explicitFileType = wrapper.cfbundle; includeInIndex = 0; path = MQSwiftSinaManagerUITests.xctest; sourceTree = BUILT_PRODUCTS_DIR; };
		09DA0AE81CEC75EE0037C88F /* MQSwiftSinaManagerUITests.swift */ = {isa = PBXFileReference; lastKnownFileType = sourcecode.swift; path = MQSwiftSinaManagerUITests.swift; sourceTree = "<group>"; };
		09DA0AEA1CEC75EE0037C88F /* Info.plist */ = {isa = PBXFileReference; lastKnownFileType = text.plist.xml; path = Info.plist; sourceTree = "<group>"; };
		09E1A6E81CEEEE37009DF2B8 /* MQTabBarController.swift */ = {isa = PBXFileReference; fileEncoding = 4; lastKnownFileType = sourcecode.swift; path = MQTabBarController.swift; sourceTree = "<group>"; };
		09E1A6EA1CEEF60F009DF2B8 /* MQVisitorLoginView.swift */ = {isa = PBXFileReference; fileEncoding = 4; lastKnownFileType = sourcecode.swift; path = MQVisitorLoginView.swift; sourceTree = "<group>"; };
		09E1A6EC1CEEF915009DF2B8 /* MQOAuthController.swift */ = {isa = PBXFileReference; fileEncoding = 4; lastKnownFileType = sourcecode.swift; path = MQOAuthController.swift; sourceTree = "<group>"; };
		09E1A6EE1CEEFA9D009DF2B8 /* MQNetworkingTool.swift */ = {isa = PBXFileReference; fileEncoding = 4; lastKnownFileType = sourcecode.swift; path = MQNetworkingTool.swift; sourceTree = "<group>"; };
		09E1A6F01CEEFC11009DF2B8 /* MQRequestURL.swift */ = {isa = PBXFileReference; fileEncoding = 4; lastKnownFileType = sourcecode.swift; path = MQRequestURL.swift; sourceTree = "<group>"; };
		09E1A6F21CEF022F009DF2B8 /* MQCommonTools.swift */ = {isa = PBXFileReference; fileEncoding = 4; lastKnownFileType = sourcecode.swift; path = MQCommonTools.swift; sourceTree = "<group>"; };
		09F73AC31CF866DB003F857E /* MQWelomeController.swift */ = {isa = PBXFileReference; fileEncoding = 4; lastKnownFileType = sourcecode.swift; path = MQWelomeController.swift; sourceTree = "<group>"; };
		09F73AC51CFAD76F003F857E /* MQStatusInfo.swift */ = {isa = PBXFileReference; fileEncoding = 4; lastKnownFileType = sourcecode.swift; path = MQStatusInfo.swift; sourceTree = "<group>"; };
		09F73AC71CFAD7E0003F857E /* MQStatusListModel.swift */ = {isa = PBXFileReference; fileEncoding = 4; lastKnownFileType = sourcecode.swift; path = MQStatusListModel.swift; sourceTree = "<group>"; };
		09F73AC91CFAE995003F857E /* UIView+AutoLayout.swift */ = {isa = PBXFileReference; fileEncoding = 4; lastKnownFileType = sourcecode.swift; path = "UIView+AutoLayout.swift"; sourceTree = "<group>"; };
		5985A9386AE3E96E7CF49B85 /* Pods-MQSwiftSinaManager.release.xcconfig */ = {isa = PBXFileReference; includeInIndex = 1; lastKnownFileType = text.xcconfig; name = "Pods-MQSwiftSinaManager.release.xcconfig"; path = "Pods/Target Support Files/Pods-MQSwiftSinaManager/Pods-MQSwiftSinaManager.release.xcconfig"; sourceTree = "<group>"; };
		9306FE4402166B92761A26A6 /* Pods_MQSwiftSinaManager.framework */ = {isa = PBXFileReference; explicitFileType = wrapper.framework; includeInIndex = 0; path = Pods_MQSwiftSinaManager.framework; sourceTree = BUILT_PRODUCTS_DIR; };
		D2DB3B0272F8E363DD919949 /* Pods-MQSwiftSinaManager.debug.xcconfig */ = {isa = PBXFileReference; includeInIndex = 1; lastKnownFileType = text.xcconfig; name = "Pods-MQSwiftSinaManager.debug.xcconfig"; path = "Pods/Target Support Files/Pods-MQSwiftSinaManager/Pods-MQSwiftSinaManager.debug.xcconfig"; sourceTree = "<group>"; };
/* End PBXFileReference section */

/* Begin PBXFrameworksBuildPhase section */
		09DA0AC21CEC75EE0037C88F /* Frameworks */ = {
			isa = PBXFrameworksBuildPhase;
			buildActionMask = 2147483647;
			files = (
				49B583DDADAEC540101DBC77 /* Pods_MQSwiftSinaManager.framework in Frameworks */,
			);
			runOnlyForDeploymentPostprocessing = 0;
		};
		09DA0AD61CEC75EE0037C88F /* Frameworks */ = {
			isa = PBXFrameworksBuildPhase;
			buildActionMask = 2147483647;
			files = (
			);
			runOnlyForDeploymentPostprocessing = 0;
		};
		09DA0AE11CEC75EE0037C88F /* Frameworks */ = {
			isa = PBXFrameworksBuildPhase;
			buildActionMask = 2147483647;
			files = (
			);
			runOnlyForDeploymentPostprocessing = 0;
		};
/* End PBXFrameworksBuildPhase section */

/* Begin PBXGroup section */
		090DA5B61CFBDB100009903A /* Extensions */ = {
			isa = PBXGroup;
			children = (
				096E6A061D06AF16006EAD35 /* UIImage+Extensions.swift */,
				090DA5B81CFBDB810009903A /* UILabel+Extensions.swift */,
				090DA5C41CFC44900009903A /* UIButton+Extensions.swift */,
				09C5DCCC1D01A49F0072FA7E /* UIBarButtonItem+Extensions.swift */,
			);
			path = Extensions;
			sourceTree = "<group>";
		};
		090DA5B71CFBDB470009903A /* HomeCell */ = {
			isa = PBXGroup;
			children = (
				090DA5BA1CFBDCC40009903A /* MQStatusCell.swift */,
				0936B53C1CFEC61B00AE202E /* MQStatusNomalCell.swift */,
				0936B53A1CFE91A800AE202E /* MQStatusForwardCell.swift */,
				0936B5381CFD33F400AE202E /* MQStatusPictureView.swift */,
				090DA5BC1CFBDE380009903A /* MQStatusCellWithTopView.swift */,
				090DA5BE1CFBDE510009903A /* MQStatusCellWithBottomView.swift */,
			);
			path = HomeCell;
			sourceTree = "<group>";
		};
		0936B57D1D0012E200AE202E /* HomeRefresh */ = {
			isa = PBXGroup;
			children = (
				0936B57E1D00131800AE202E /* MQRefreshControl.swift */,
				0936B5801D0014C200AE202E /* MQRefreshView.xib */,
			);
			path = HomeRefresh;
			sourceTree = "<group>";
		};
		0938DABB1CF7ECA100E3A8CD /* NewFeature */ = {
			isa = PBXGroup;
			children = (
				0938DABC1CF7ECCB00E3A8CD /* MQNewFeatureController.swift */,
				09F73AC31CF866DB003F857E /* MQWelomeController.swift */,
			);
			path = NewFeature;
			sourceTree = "<group>";
		};
		09760A461CEEB19F00726AD1 /* Classes */ = {
			isa = PBXGroup;
			children = (
				09760A4F1CEEB19F00726AD1 /* Tool */,
				09760A511CEEB19F00726AD1 /* ViewModel(视图模型) */,
				09760A471CEEB19F00726AD1 /* Model */,
				09760A481CEEB19F00726AD1 /* Module(功能模块) */,
				09760A501CEEB19F00726AD1 /* View */,
			);
			path = Classes;
			sourceTree = "<group>";
		};
		09760A471CEEB19F00726AD1 /* Model */ = {
			isa = PBXGroup;
			children = (
				0938DA6D1CF58A7700E3A8CD /* MQAccountInfo.swift */,
				09F73AC51CFAD76F003F857E /* MQStatusInfo.swift */,
				090DA5C01CFBE90E0009903A /* MQUserInfo.swift */,
			);
			path = Model;
			sourceTree = "<group>";
		};
		09760A481CEEB19F00726AD1 /* Module(功能模块) */ = {
			isa = PBXGroup;
			children = (
				0938DABB1CF7ECA100E3A8CD /* NewFeature */,
				09760A4D1CEEB19F00726AD1 /* OAuth */,
				09760A4B1CEEB19F00726AD1 /* Main */,
				09C5DCC71D0163870072FA7E /* Compose */,
				09760A491CEEB19F00726AD1 /* Discover */,
				09760A4A1CEEB19F00726AD1 /* Home */,
				09760A4C1CEEB19F00726AD1 /* Message */,
				09760A4E1CEEB19F00726AD1 /* Profile */,
			);
			name = "Module(功能模块)";
			path = Module;
			sourceTree = "<group>";
		};
		09760A491CEEB19F00726AD1 /* Discover */ = {
			isa = PBXGroup;
			children = (
				09760A701CEEBF8800726AD1 /* MQDiscoverController.swift */,
			);
			path = Discover;
			sourceTree = "<group>";
		};
		09760A4A1CEEB19F00726AD1 /* Home */ = {
			isa = PBXGroup;
			children = (
				0936B57D1D0012E200AE202E /* HomeRefresh */,
				090DA5B71CFBDB470009903A /* HomeCell */,
				09760A6C1CEEBF6400726AD1 /* MQHomeController.swift */,
			);
			path = Home;
			sourceTree = "<group>";
		};
		09760A4B1CEEB19F00726AD1 /* Main */ = {
			isa = PBXGroup;
			children = (
				09760A6A1CEEBEEF00726AD1 /* MQBaseTableViewController.swift */,
				09E1A6E81CEEEE37009DF2B8 /* MQTabBarController.swift */,
				09E1A6EA1CEEF60F009DF2B8 /* MQVisitorLoginView.swift */,
			);
			path = Main;
			sourceTree = "<group>";
		};
		09760A4C1CEEB19F00726AD1 /* Message */ = {
			isa = PBXGroup;
			children = (
				09760A6E1CEEBF7900726AD1 /* MQMessageController.swift */,
			);
			path = Message;
			sourceTree = "<group>";
		};
		09760A4D1CEEB19F00726AD1 /* OAuth */ = {
			isa = PBXGroup;
			children = (
				09E1A6EC1CEEF915009DF2B8 /* MQOAuthController.swift */,
			);
			path = OAuth;
			sourceTree = "<group>";
		};
		09760A4E1CEEB19F00726AD1 /* Profile */ = {
			isa = PBXGroup;
			children = (
				09760A721CEEBF9A00726AD1 /* MQProfileController.swift */,
			);
			path = Profile;
			sourceTree = "<group>";
		};
		09760A4F1CEEB19F00726AD1 /* Tool */ = {
			isa = PBXGroup;
			children = (
				090DA5B61CFBDB100009903A /* Extensions */,
				09E1A6EE1CEEFA9D009DF2B8 /* MQNetworkingTool.swift */,
				09E1A6F01CEEFC11009DF2B8 /* MQRequestURL.swift */,
				09E1A6F21CEF022F009DF2B8 /* MQCommonTools.swift */,
				09F73AC91CFAE995003F857E /* UIView+AutoLayout.swift */,
			);
			path = Tool;
			sourceTree = "<group>";
		};
		09760A501CEEB19F00726AD1 /* View */ = {
			isa = PBXGroup;
			children = (
			);
			path = View;
			sourceTree = "<group>";
		};
		09760A511CEEB19F00726AD1 /* ViewModel(视图模型) */ = {
			isa = PBXGroup;
			children = (
				0938DA6F1CF5C82C00E3A8CD /* MQAccountViewModel.swift */,
				09F73AC71CFAD7E0003F857E /* MQStatusListModel.swift */,
				090DA5C21CFC18D50009903A /* MQStatusViewModel.swift */,
			);
			name = "ViewModel(视图模型)";
			path = ViewModel;
			sourceTree = "<group>";
		};
		09C5DCC71D0163870072FA7E /* Compose */ = {
			isa = PBXGroup;
			children = (
				09CB0CCA1D04254500C866A6 /* PictureSelector */,
				09C5DCC81D0163AE0072FA7E /* MQComposeController.swift */,
			);
			path = Compose;
			sourceTree = "<group>";
		};
		09CB0CCA1D04254500C866A6 /* PictureSelector */ = {
			isa = PBXGroup;
			children = (
				09CB0CCB1D04257400C866A6 /* MQPictureSelectorController.swift */,
			);
			path = PictureSelector;
			sourceTree = "<group>";
		};
		09DA0ABC1CEC75EE0037C88F = {
			isa = PBXGroup;
			children = (
				09DA0AC71CEC75EE0037C88F /* MQSwiftSinaManager */,
				09DA0ADC1CEC75EE0037C88F /* MQSwiftSinaManagerTests */,
				09DA0AE71CEC75EE0037C88F /* MQSwiftSinaManagerUITests */,
				09DA0AC61CEC75EE0037C88F /* Products */,
				20D3DEADE8766FAB355DFD66 /* Pods */,
				EFB710DB410F144FE3CEC694 /* Frameworks */,
			);
			sourceTree = "<group>";
		};
		09DA0AC61CEC75EE0037C88F /* Products */ = {
			isa = PBXGroup;
			children = (
				09DA0AC51CEC75EE0037C88F /* MQSwiftSinaManager.app */,
				09DA0AD91CEC75EE0037C88F /* MQSwiftSinaManagerTests.xctest */,
				09DA0AE41CEC75EE0037C88F /* MQSwiftSinaManagerUITests.xctest */,
			);
			name = Products;
			sourceTree = "<group>";
		};
		09DA0AC71CEC75EE0037C88F /* MQSwiftSinaManager */ = {
			isa = PBXGroup;
			children = (
				09760A461CEEB19F00726AD1 /* Classes */,
				09DA0AC81CEC75EE0037C88F /* AppDelegate.swift */,
				09DA0ACF1CEC75EE0037C88F /* Assets.xcassets */,
				09DA0AD41CEC75EE0037C88F /* Info.plist */,
			);
			path = MQSwiftSinaManager;
			sourceTree = "<group>";
		};
		09DA0ADC1CEC75EE0037C88F /* MQSwiftSinaManagerTests */ = {
			isa = PBXGroup;
			children = (
				09DA0ADD1CEC75EE0037C88F /* MQSwiftSinaManagerTests.swift */,
				09DA0ADF1CEC75EE0037C88F /* Info.plist */,
			);
			path = MQSwiftSinaManagerTests;
			sourceTree = "<group>";
		};
		09DA0AE71CEC75EE0037C88F /* MQSwiftSinaManagerUITests */ = {
			isa = PBXGroup;
			children = (
				09DA0AE81CEC75EE0037C88F /* MQSwiftSinaManagerUITests.swift */,
				09DA0AEA1CEC75EE0037C88F /* Info.plist */,
			);
			path = MQSwiftSinaManagerUITests;
			sourceTree = "<group>";
		};
		20D3DEADE8766FAB355DFD66 /* Pods */ = {
			isa = PBXGroup;
			children = (
				D2DB3B0272F8E363DD919949 /* Pods-MQSwiftSinaManager.debug.xcconfig */,
				5985A9386AE3E96E7CF49B85 /* Pods-MQSwiftSinaManager.release.xcconfig */,
			);
			name = Pods;
			sourceTree = "<group>";
		};
		EFB710DB410F144FE3CEC694 /* Frameworks */ = {
			isa = PBXGroup;
			children = (
				9306FE4402166B92761A26A6 /* Pods_MQSwiftSinaManager.framework */,
			);
			name = Frameworks;
			sourceTree = "<group>";
		};
/* End PBXGroup section */

/* Begin PBXNativeTarget section */
		09DA0AC41CEC75EE0037C88F /* MQSwiftSinaManager */ = {
			isa = PBXNativeTarget;
			buildConfigurationList = 09DA0AED1CEC75EE0037C88F /* Build configuration list for PBXNativeTarget "MQSwiftSinaManager" */;
			buildPhases = (
				BBBAF30E5B11352AD66ED52A /* 📦 Check Pods Manifest.lock */,
				09DA0AC11CEC75EE0037C88F /* Sources */,
				09DA0AC21CEC75EE0037C88F /* Frameworks */,
				09DA0AC31CEC75EE0037C88F /* Resources */,
				7A29C73D02BB6B407C0F78BB /* 📦 Embed Pods Frameworks */,
				10074B6236B296229ACE1F8F /* 📦 Copy Pods Resources */,
			);
			buildRules = (
			);
			dependencies = (
			);
			name = MQSwiftSinaManager;
			productName = MQSwiftSinaManager;
			productReference = 09DA0AC51CEC75EE0037C88F /* MQSwiftSinaManager.app */;
			productType = "com.apple.product-type.application";
		};
		09DA0AD81CEC75EE0037C88F /* MQSwiftSinaManagerTests */ = {
			isa = PBXNativeTarget;
			buildConfigurationList = 09DA0AF01CEC75EE0037C88F /* Build configuration list for PBXNativeTarget "MQSwiftSinaManagerTests" */;
			buildPhases = (
				09DA0AD51CEC75EE0037C88F /* Sources */,
				09DA0AD61CEC75EE0037C88F /* Frameworks */,
				09DA0AD71CEC75EE0037C88F /* Resources */,
			);
			buildRules = (
			);
			dependencies = (
				09DA0ADB1CEC75EE0037C88F /* PBXTargetDependency */,
			);
			name = MQSwiftSinaManagerTests;
			productName = MQSwiftSinaManagerTests;
			productReference = 09DA0AD91CEC75EE0037C88F /* MQSwiftSinaManagerTests.xctest */;
			productType = "com.apple.product-type.bundle.unit-test";
		};
		09DA0AE31CEC75EE0037C88F /* MQSwiftSinaManagerUITests */ = {
			isa = PBXNativeTarget;
			buildConfigurationList = 09DA0AF31CEC75EE0037C88F /* Build configuration list for PBXNativeTarget "MQSwiftSinaManagerUITests" */;
			buildPhases = (
				09DA0AE01CEC75EE0037C88F /* Sources */,
				09DA0AE11CEC75EE0037C88F /* Frameworks */,
				09DA0AE21CEC75EE0037C88F /* Resources */,
			);
			buildRules = (
			);
			dependencies = (
				09DA0AE61CEC75EE0037C88F /* PBXTargetDependency */,
			);
			name = MQSwiftSinaManagerUITests;
			productName = MQSwiftSinaManagerUITests;
			productReference = 09DA0AE41CEC75EE0037C88F /* MQSwiftSinaManagerUITests.xctest */;
			productType = "com.apple.product-type.bundle.ui-testing";
		};
/* End PBXNativeTarget section */

/* Begin PBXProject section */
		09DA0ABD1CEC75EE0037C88F /* Project object */ = {
			isa = PBXProject;
			attributes = {
				CLASSPREFIX = MQ;
				LastSwiftUpdateCheck = 0730;
				LastUpgradeCheck = 0730;
				ORGANIZATIONNAME = mengQuietly;
				TargetAttributes = {
					09DA0AC41CEC75EE0037C88F = {
						CreatedOnToolsVersion = 7.3.1;
					};
					09DA0AD81CEC75EE0037C88F = {
						CreatedOnToolsVersion = 7.3.1;
						TestTargetID = 09DA0AC41CEC75EE0037C88F;
					};
					09DA0AE31CEC75EE0037C88F = {
						CreatedOnToolsVersion = 7.3.1;
						TestTargetID = 09DA0AC41CEC75EE0037C88F;
					};
				};
			};
			buildConfigurationList = 09DA0AC01CEC75EE0037C88F /* Build configuration list for PBXProject "MQSwiftSinaManager" */;
			compatibilityVersion = "Xcode 3.2";
			developmentRegion = English;
			hasScannedForEncodings = 0;
			knownRegions = (
				en,
				Base,
			);
			mainGroup = 09DA0ABC1CEC75EE0037C88F;
			productRefGroup = 09DA0AC61CEC75EE0037C88F /* Products */;
			projectDirPath = "";
			projectRoot = "";
			targets = (
				09DA0AC41CEC75EE0037C88F /* MQSwiftSinaManager */,
				09DA0AD81CEC75EE0037C88F /* MQSwiftSinaManagerTests */,
				09DA0AE31CEC75EE0037C88F /* MQSwiftSinaManagerUITests */,
			);
		};
/* End PBXProject section */

/* Begin PBXResourcesBuildPhase section */
		09DA0AC31CEC75EE0037C88F /* Resources */ = {
			isa = PBXResourcesBuildPhase;
			buildActionMask = 2147483647;
			files = (
				0936B5811D0014C200AE202E /* MQRefreshView.xib in Resources */,
				09DA0AD01CEC75EE0037C88F /* Assets.xcassets in Resources */,
			);
			runOnlyForDeploymentPostprocessing = 0;
		};
		09DA0AD71CEC75EE0037C88F /* Resources */ = {
			isa = PBXResourcesBuildPhase;
			buildActionMask = 2147483647;
			files = (
			);
			runOnlyForDeploymentPostprocessing = 0;
		};
		09DA0AE21CEC75EE0037C88F /* Resources */ = {
			isa = PBXResourcesBuildPhase;
			buildActionMask = 2147483647;
			files = (
			);
			runOnlyForDeploymentPostprocessing = 0;
		};
/* End PBXResourcesBuildPhase section */

/* Begin PBXShellScriptBuildPhase section */
		10074B6236B296229ACE1F8F /* 📦 Copy Pods Resources */ = {
			isa = PBXShellScriptBuildPhase;
			buildActionMask = 2147483647;
			files = (
			);
			inputPaths = (
			);
			name = "📦 Copy Pods Resources";
			outputPaths = (
			);
			runOnlyForDeploymentPostprocessing = 0;
			shellPath = /bin/sh;
			shellScript = "\"${SRCROOT}/Pods/Target Support Files/Pods-MQSwiftSinaManager/Pods-MQSwiftSinaManager-resources.sh\"\n";
			showEnvVarsInLog = 0;
		};
		7A29C73D02BB6B407C0F78BB /* 📦 Embed Pods Frameworks */ = {
			isa = PBXShellScriptBuildPhase;
			buildActionMask = 2147483647;
			files = (
			);
			inputPaths = (
			);
			name = "📦 Embed Pods Frameworks";
			outputPaths = (
			);
			runOnlyForDeploymentPostprocessing = 0;
			shellPath = /bin/sh;
			shellScript = "\"${SRCROOT}/Pods/Target Support Files/Pods-MQSwiftSinaManager/Pods-MQSwiftSinaManager-frameworks.sh\"\n";
			showEnvVarsInLog = 0;
		};
		BBBAF30E5B11352AD66ED52A /* 📦 Check Pods Manifest.lock */ = {
			isa = PBXShellScriptBuildPhase;
			buildActionMask = 2147483647;
			files = (
			);
			inputPaths = (
			);
			name = "📦 Check Pods Manifest.lock";
			outputPaths = (
			);
			runOnlyForDeploymentPostprocessing = 0;
			shellPath = /bin/sh;
			shellScript = "diff \"${PODS_ROOT}/../Podfile.lock\" \"${PODS_ROOT}/Manifest.lock\" > /dev/null\nif [[ $? != 0 ]] ; then\n    cat << EOM\nerror: The sandbox is not in sync with the Podfile.lock. Run 'pod install' or update your CocoaPods installation.\nEOM\n    exit 1\nfi\n";
			showEnvVarsInLog = 0;
		};
/* End PBXShellScriptBuildPhase section */

/* Begin PBXSourcesBuildPhase section */
		09DA0AC11CEC75EE0037C88F /* Sources */ = {
			isa = PBXSourcesBuildPhase;
			buildActionMask = 2147483647;
			files = (
				09E1A6F11CEEFC12009DF2B8 /* MQRequestURL.swift in Sources */,
				09F73AC61CFAD76F003F857E /* MQStatusInfo.swift in Sources */,
				09C5DCCD1D01A49F0072FA7E /* UIBarButtonItem+Extensions.swift in Sources */,
				0938DABD1CF7ECCB00E3A8CD /* MQNewFeatureController.swift in Sources */,
				09760A711CEEBF8800726AD1 /* MQDiscoverController.swift in Sources */,
				0936B53D1CFEC61B00AE202E /* MQStatusNomalCell.swift in Sources */,
				09C5DCC91D0163AE0072FA7E /* MQComposeController.swift in Sources */,
				0938DA701CF5C82C00E3A8CD /* MQAccountViewModel.swift in Sources */,
				09E1A6EF1CEEFA9D009DF2B8 /* MQNetworkingTool.swift in Sources */,
				09760A6B1CEEBEEF00726AD1 /* MQBaseTableViewController.swift in Sources */,
				09760A6D1CEEBF6400726AD1 /* MQHomeController.swift in Sources */,
				090DA5BD1CFBDE380009903A /* MQStatusCellWithTopView.swift in Sources */,
				09760A731CEEBF9A00726AD1 /* MQProfileController.swift in Sources */,
				0938DA6E1CF58A7700E3A8CD /* MQAccountInfo.swift in Sources */,
				09E1A6F31CEF022F009DF2B8 /* MQCommonTools.swift in Sources */,
				090DA5C11CFBE90E0009903A /* MQUserInfo.swift in Sources */,
				090DA5BF1CFBDE510009903A /* MQStatusCellWithBottomView.swift in Sources */,
				09DA0AC91CEC75EE0037C88F /* AppDelegate.swift in Sources */,
				09E1A6ED1CEEF915009DF2B8 /* MQOAuthController.swift in Sources */,
				09CB0CCC1D04257400C866A6 /* MQPictureSelectorController.swift in Sources */,
				09F73ACA1CFAE995003F857E /* UIView+AutoLayout.swift in Sources */,
				09E1A6EB1CEEF60F009DF2B8 /* MQVisitorLoginView.swift in Sources */,
				090DA5BB1CFBDCC40009903A /* MQStatusCell.swift in Sources */,
				09E1A6E91CEEEE37009DF2B8 /* MQTabBarController.swift in Sources */,
				090DA5B91CFBDB810009903A /* UILabel+Extensions.swift in Sources */,
				09F73AC81CFAD7E0003F857E /* MQStatusListModel.swift in Sources */,
				0936B57F1D00131800AE202E /* MQRefreshControl.swift in Sources */,
				0936B5391CFD33F400AE202E /* MQStatusPictureView.swift in Sources */,
				09F73AC41CF866DB003F857E /* MQWelomeController.swift in Sources */,
				09760A6F1CEEBF7900726AD1 /* MQMessageController.swift in Sources */,
				090DA5C31CFC18D50009903A /* MQStatusViewModel.swift in Sources */,
				096E6A071D06AF16006EAD35 /* UIImage+Extensions.swift in Sources */,
				090DA5C51CFC44900009903A /* UIButton+Extensions.swift in Sources */,
				0936B53B1CFE91A800AE202E /* MQStatusForwardCell.swift in Sources */,
			);
			runOnlyForDeploymentPostprocessing = 0;
		};
		09DA0AD51CEC75EE0037C88F /* Sources */ = {
			isa = PBXSourcesBuildPhase;
			buildActionMask = 2147483647;
			files = (
				09DA0ADE1CEC75EE0037C88F /* MQSwiftSinaManagerTests.swift in Sources */,
			);
			runOnlyForDeploymentPostprocessing = 0;
		};
		09DA0AE01CEC75EE0037C88F /* Sources */ = {
			isa = PBXSourcesBuildPhase;
			buildActionMask = 2147483647;
			files = (
				09DA0AE91CEC75EE0037C88F /* MQSwiftSinaManagerUITests.swift in Sources */,
			);
			runOnlyForDeploymentPostprocessing = 0;
		};
/* End PBXSourcesBuildPhase section */

/* Begin PBXTargetDependency section */
		09DA0ADB1CEC75EE0037C88F /* PBXTargetDependency */ = {
			isa = PBXTargetDependency;
			target = 09DA0AC41CEC75EE0037C88F /* MQSwiftSinaManager */;
			targetProxy = 09DA0ADA1CEC75EE0037C88F /* PBXContainerItemProxy */;
		};
		09DA0AE61CEC75EE0037C88F /* PBXTargetDependency */ = {
			isa = PBXTargetDependency;
			target = 09DA0AC41CEC75EE0037C88F /* MQSwiftSinaManager */;
			targetProxy = 09DA0AE51CEC75EE0037C88F /* PBXContainerItemProxy */;
		};
/* End PBXTargetDependency section */

/* Begin XCBuildConfiguration section */
		09DA0AEB1CEC75EE0037C88F /* Debug */ = {
			isa = XCBuildConfiguration;
			buildSettings = {
				ALWAYS_SEARCH_USER_PATHS = NO;
				CLANG_ANALYZER_NONNULL = YES;
				CLANG_CXX_LANGUAGE_STANDARD = "gnu++0x";
				CLANG_CXX_LIBRARY = "libc++";
				CLANG_ENABLE_MODULES = YES;
				CLANG_ENABLE_OBJC_ARC = YES;
				CLANG_WARN_BOOL_CONVERSION = YES;
				CLANG_WARN_CONSTANT_CONVERSION = YES;
				CLANG_WARN_DIRECT_OBJC_ISA_USAGE = YES_ERROR;
				CLANG_WARN_EMPTY_BODY = YES;
				CLANG_WARN_ENUM_CONVERSION = YES;
				CLANG_WARN_INT_CONVERSION = YES;
				CLANG_WARN_OBJC_ROOT_CLASS = YES_ERROR;
				CLANG_WARN_UNREACHABLE_CODE = YES;
				CLANG_WARN__DUPLICATE_METHOD_MATCH = YES;
				"CODE_SIGN_IDENTITY[sdk=iphoneos*]" = "iPhone Developer";
				COPY_PHASE_STRIP = NO;
				DEBUG_INFORMATION_FORMAT = dwarf;
				ENABLE_STRICT_OBJC_MSGSEND = YES;
				ENABLE_TESTABILITY = YES;
				GCC_C_LANGUAGE_STANDARD = gnu99;
				GCC_DYNAMIC_NO_PIC = NO;
				GCC_NO_COMMON_BLOCKS = YES;
				GCC_OPTIMIZATION_LEVEL = 0;
				GCC_PREPROCESSOR_DEFINITIONS = (
					"DEBUG=1",
					"$(inherited)",
				);
				GCC_WARN_64_TO_32_BIT_CONVERSION = YES;
				GCC_WARN_ABOUT_RETURN_TYPE = YES_ERROR;
				GCC_WARN_UNDECLARED_SELECTOR = YES;
				GCC_WARN_UNINITIALIZED_AUTOS = YES_AGGRESSIVE;
				GCC_WARN_UNUSED_FUNCTION = YES;
				GCC_WARN_UNUSED_VARIABLE = YES;
				IPHONEOS_DEPLOYMENT_TARGET = 9.3;
				MTL_ENABLE_DEBUG_INFO = YES;
				ONLY_ACTIVE_ARCH = YES;
				SDKROOT = iphoneos;
				SWIFT_OPTIMIZATION_LEVEL = "-Onone";
				TARGETED_DEVICE_FAMILY = "1,2";
			};
			name = Debug;
		};
		09DA0AEC1CEC75EE0037C88F /* Release */ = {
			isa = XCBuildConfiguration;
			buildSettings = {
				ALWAYS_SEARCH_USER_PATHS = NO;
				CLANG_ANALYZER_NONNULL = YES;
				CLANG_CXX_LANGUAGE_STANDARD = "gnu++0x";
				CLANG_CXX_LIBRARY = "libc++";
				CLANG_ENABLE_MODULES = YES;
				CLANG_ENABLE_OBJC_ARC = YES;
				CLANG_WARN_BOOL_CONVERSION = YES;
				CLANG_WARN_CONSTANT_CONVERSION = YES;
				CLANG_WARN_DIRECT_OBJC_ISA_USAGE = YES_ERROR;
				CLANG_WARN_EMPTY_BODY = YES;
				CLANG_WARN_ENUM_CONVERSION = YES;
				CLANG_WARN_INT_CONVERSION = YES;
				CLANG_WARN_OBJC_ROOT_CLASS = YES_ERROR;
				CLANG_WARN_UNREACHABLE_CODE = YES;
				CLANG_WARN__DUPLICATE_METHOD_MATCH = YES;
				"CODE_SIGN_IDENTITY[sdk=iphoneos*]" = "iPhone Developer";
				COPY_PHASE_STRIP = NO;
				DEBUG_INFORMATION_FORMAT = "dwarf-with-dsym";
				ENABLE_NS_ASSERTIONS = NO;
				ENABLE_STRICT_OBJC_MSGSEND = YES;
				GCC_C_LANGUAGE_STANDARD = gnu99;
				GCC_NO_COMMON_BLOCKS = YES;
				GCC_WARN_64_TO_32_BIT_CONVERSION = YES;
				GCC_WARN_ABOUT_RETURN_TYPE = YES_ERROR;
				GCC_WARN_UNDECLARED_SELECTOR = YES;
				GCC_WARN_UNINITIALIZED_AUTOS = YES_AGGRESSIVE;
				GCC_WARN_UNUSED_FUNCTION = YES;
				GCC_WARN_UNUSED_VARIABLE = YES;
				IPHONEOS_DEPLOYMENT_TARGET = 9.3;
				MTL_ENABLE_DEBUG_INFO = NO;
				SDKROOT = iphoneos;
				TARGETED_DEVICE_FAMILY = "1,2";
				VALIDATE_PRODUCT = YES;
			};
			name = Release;
		};
		09DA0AEE1CEC75EE0037C88F /* Debug */ = {
			isa = XCBuildConfiguration;
			baseConfigurationReference = D2DB3B0272F8E363DD919949 /* Pods-MQSwiftSinaManager.debug.xcconfig */;
			buildSettings = {
				ASSETCATALOG_COMPILER_APPICON_NAME = AppIcon;
				ASSETCATALOG_COMPILER_LAUNCHIMAGE_NAME = "Brand Assets";
				INFOPLIST_FILE = MQSwiftSinaManager/Info.plist;
				LD_RUNPATH_SEARCH_PATHS = "$(inherited) @executable_path/Frameworks";
				OTHER_SWIFT_FLAGS = "-D DEBUG $(inherited) \"-D\" \"COCOAPODS\"";
				PRODUCT_BUNDLE_IDENTIFIER = com.mengQuietly.MQSwiftSinaManager;
				PRODUCT_NAME = "$(TARGET_NAME)";
				TARGETED_DEVICE_FAMILY = "1,2";
				VALIDATE_PRODUCT = YES;
			};
			name = Debug;
		};
		09DA0AEF1CEC75EE0037C88F /* Release */ = {
			isa = XCBuildConfiguration;
			baseConfigurationReference = 5985A9386AE3E96E7CF49B85 /* Pods-MQSwiftSinaManager.release.xcconfig */;
			buildSettings = {
				ASSETCATALOG_COMPILER_APPICON_NAME = AppIcon;
				ASSETCATALOG_COMPILER_LAUNCHIMAGE_NAME = "Brand Assets";
				INFOPLIST_FILE = MQSwiftSinaManager/Info.plist;
				LD_RUNPATH_SEARCH_PATHS = "$(inherited) @executable_path/Frameworks";
				OTHER_SWIFT_FLAGS = "-D DEBUG $(inherited) \"-D\" \"COCOAPODS\"";
				PRODUCT_BUNDLE_IDENTIFIER = com.mengQuietly.MQSwiftSinaManager;
				PRODUCT_NAME = "$(TARGET_NAME)";
				TARGETED_DEVICE_FAMILY = "1,2";
				VALIDATE_PRODUCT = NO;
			};
			name = Release;
		};
		09DA0AF11CEC75EE0037C88F /* Debug */ = {
			isa = XCBuildConfiguration;
			buildSettings = {
				BUNDLE_LOADER = "$(TEST_HOST)";
				INFOPLIST_FILE = MQSwiftSinaManagerTests/Info.plist;
				LD_RUNPATH_SEARCH_PATHS = "$(inherited) @executable_path/Frameworks @loader_path/Frameworks";
				PRODUCT_BUNDLE_IDENTIFIER = com.mengQuietly.MQSwiftSinaManagerTests;
				PRODUCT_NAME = "$(TARGET_NAME)";
				TEST_HOST = "$(BUILT_PRODUCTS_DIR)/MQSwiftSinaManager.app/MQSwiftSinaManager";
			};
			name = Debug;
		};
		09DA0AF21CEC75EE0037C88F /* Release */ = {
			isa = XCBuildConfiguration;
			buildSettings = {
				BUNDLE_LOADER = "$(TEST_HOST)";
				INFOPLIST_FILE = MQSwiftSinaManagerTests/Info.plist;
				LD_RUNPATH_SEARCH_PATHS = "$(inherited) @executable_path/Frameworks @loader_path/Frameworks";
				PRODUCT_BUNDLE_IDENTIFIER = com.mengQuietly.MQSwiftSinaManagerTests;
				PRODUCT_NAME = "$(TARGET_NAME)";
				TEST_HOST = "$(BUILT_PRODUCTS_DIR)/MQSwiftSinaManager.app/MQSwiftSinaManager";
			};
			name = Release;
		};
		09DA0AF41CEC75EE0037C88F /* Debug */ = {
			isa = XCBuildConfiguration;
			buildSettings = {
				INFOPLIST_FILE = MQSwiftSinaManagerUITests/Info.plist;
				LD_RUNPATH_SEARCH_PATHS = "$(inherited) @executable_path/Frameworks @loader_path/Frameworks";
				PRODUCT_BUNDLE_IDENTIFIER = com.mengQuietly.MQSwiftSinaManagerUITests;
				PRODUCT_NAME = "$(TARGET_NAME)";
				TEST_TARGET_NAME = MQSwiftSinaManager;
			};
			name = Debug;
		};
		09DA0AF51CEC75EE0037C88F /* Release */ = {
			isa = XCBuildConfiguration;
			buildSettings = {
				INFOPLIST_FILE = MQSwiftSinaManagerUITests/Info.plist;
				LD_RUNPATH_SEARCH_PATHS = "$(inherited) @executable_path/Frameworks @loader_path/Frameworks";
				PRODUCT_BUNDLE_IDENTIFIER = com.mengQuietly.MQSwiftSinaManagerUITests;
				PRODUCT_NAME = "$(TARGET_NAME)";
				TEST_TARGET_NAME = MQSwiftSinaManager;
			};
			name = Release;
		};
/* End XCBuildConfiguration section */

/* Begin XCConfigurationList section */
		09DA0AC01CEC75EE0037C88F /* Build configuration list for PBXProject "MQSwiftSinaManager" */ = {
			isa = XCConfigurationList;
			buildConfigurations = (
				09DA0AEB1CEC75EE0037C88F /* Debug */,
				09DA0AEC1CEC75EE0037C88F /* Release */,
			);
			defaultConfigurationIsVisible = 0;
			defaultConfigurationName = Release;
		};
		09DA0AED1CEC75EE0037C88F /* Build configuration list for PBXNativeTarget "MQSwiftSinaManager" */ = {
			isa = XCConfigurationList;
			buildConfigurations = (
				09DA0AEE1CEC75EE0037C88F /* Debug */,
				09DA0AEF1CEC75EE0037C88F /* Release */,
			);
			defaultConfigurationIsVisible = 0;
			defaultConfigurationName = Release;
		};
		09DA0AF01CEC75EE0037C88F /* Build configuration list for PBXNativeTarget "MQSwiftSinaManagerTests" */ = {
			isa = XCConfigurationList;
			buildConfigurations = (
				09DA0AF11CEC75EE0037C88F /* Debug */,
				09DA0AF21CEC75EE0037C88F /* Release */,
			);
			defaultConfigurationIsVisible = 0;
			defaultConfigurationName = Release;
		};
		09DA0AF31CEC75EE0037C88F /* Build configuration list for PBXNativeTarget "MQSwiftSinaManagerUITests" */ = {
			isa = XCConfigurationList;
			buildConfigurations = (
				09DA0AF41CEC75EE0037C88F /* Debug */,
				09DA0AF51CEC75EE0037C88F /* Release */,
			);
			defaultConfigurationIsVisible = 0;
			defaultConfigurationName = Release;
		};
/* End XCConfigurationList section */
	};
	rootObject = 09DA0ABD1CEC75EE0037C88F /* Project object */;
}
